// !$*UTF8*$!
{
	archiveVersion = 1;
	classes = {
	};
	objectVersion = 48;
	objects = {

/* Begin PBXBuildFile section */
		E92B77A4203EA6E000A32D0F /* AppDelegate.swift in Sources */ = {isa = PBXBuildFile; fileRef = E92B77A3203EA6E000A32D0F /* AppDelegate.swift */; };
		E92B77A6203EA6E000A32D0F /* ViewController.swift in Sources */ = {isa = PBXBuildFile; fileRef = E92B77A5203EA6E000A32D0F /* ViewController.swift */; };
		E92B77A9203EA6E000A32D0F /* Main.storyboard in Resources */ = {isa = PBXBuildFile; fileRef = E92B77A7203EA6E000A32D0F /* Main.storyboard */; };
		E92B77AB203EA6E000A32D0F /* Assets.xcassets in Resources */ = {isa = PBXBuildFile; fileRef = E92B77AA203EA6E000A32D0F /* Assets.xcassets */; };
		E92B77AE203EA6E000A32D0F /* LaunchScreen.storyboard in Resources */ = {isa = PBXBuildFile; fileRef = E92B77AC203EA6E000A32D0F /* LaunchScreen.storyboard */; };
		E92B77B8203EA81200A32D0F /* Request.swift in Sources */ = {isa = PBXBuildFile; fileRef = E92B77B7203EA81200A32D0F /* Request.swift */; };
		E92B77BA203EA99100A32D0F /* Client.swift in Sources */ = {isa = PBXBuildFile; fileRef = E92B77B9203EA99100A32D0F /* Client.swift */; };
		E92B77BC203EAA1700A32D0F /* URLSessionClient.swift in Sources */ = {isa = PBXBuildFile; fileRef = E92B77BB203EAA1700A32D0F /* URLSessionClient.swift */; };
		E92B77BE203EAB3300A32D0F /* Request+Params.swift in Sources */ = {isa = PBXBuildFile; fileRef = E92B77BD203EAB3300A32D0F /* Request+Params.swift */; };
		E92B77C1203EAB8700A32D0F /* Encodable+DictionaryRepresentation.swift in Sources */ = {isa = PBXBuildFile; fileRef = E92B77C0203EAB8700A32D0F /* Encodable+DictionaryRepresentation.swift */; };
		E92B77C3203EABBF00A32D0F /* Dictionary+URLQuery.swift in Sources */ = {isa = PBXBuildFile; fileRef = E92B77C2203EABBF00A32D0F /* Dictionary+URLQuery.swift */; };
		E92B77C5203EACC300A32D0F /* Request+HeaderFields.swift in Sources */ = {isa = PBXBuildFile; fileRef = E92B77C4203EACC300A32D0F /* Request+HeaderFields.swift */; };
		E92B77C7203EB31100A32D0F /* FetchResult.swift in Sources */ = {isa = PBXBuildFile; fileRef = E92B77C6203EB31100A32D0F /* FetchResult.swift */; };
		E92B77CC203EBCFF00A32D0F /* RequestManager.swift in Sources */ = {isa = PBXBuildFile; fileRef = E92B77CB203EBCFF00A32D0F /* RequestManager.swift */; };
		E92B77CE203EC33700A32D0F /* ArticleRequest.swift in Sources */ = {isa = PBXBuildFile; fileRef = E92B77CD203EC33700A32D0F /* ArticleRequest.swift */; };
		E92B77D0203EC41E00A32D0F /* ArticleResponse.swift in Sources */ = {isa = PBXBuildFile; fileRef = E92B77CF203EC41E00A32D0F /* ArticleResponse.swift */; };
/* End PBXBuildFile section */

/* Begin PBXFileReference section */
		E92B77A0203EA6E000A32D0F /* POPNetworkExample.app */ = {isa = PBXFileReference; explicitFileType = wrapper.application; includeInIndex = 0; path = POPNetworkExample.app; sourceTree = BUILT_PRODUCTS_DIR; };
		E92B77A3203EA6E000A32D0F /* AppDelegate.swift */ = {isa = PBXFileReference; lastKnownFileType = sourcecode.swift; path = AppDelegate.swift; sourceTree = "<group>"; };
		E92B77A5203EA6E000A32D0F /* ViewController.swift */ = {isa = PBXFileReference; lastKnownFileType = sourcecode.swift; path = ViewController.swift; sourceTree = "<group>"; };
		E92B77A8203EA6E000A32D0F /* Base */ = {isa = PBXFileReference; lastKnownFileType = file.storyboard; name = Base; path = Base.lproj/Main.storyboard; sourceTree = "<group>"; };
		E92B77AA203EA6E000A32D0F /* Assets.xcassets */ = {isa = PBXFileReference; lastKnownFileType = folder.assetcatalog; path = Assets.xcassets; sourceTree = "<group>"; };
		E92B77AD203EA6E000A32D0F /* Base */ = {isa = PBXFileReference; lastKnownFileType = file.storyboard; name = Base; path = Base.lproj/LaunchScreen.storyboard; sourceTree = "<group>"; };
		E92B77AF203EA6E000A32D0F /* Info.plist */ = {isa = PBXFileReference; lastKnownFileType = text.plist.xml; path = Info.plist; sourceTree = "<group>"; };
		E92B77B7203EA81200A32D0F /* Request.swift */ = {isa = PBXFileReference; lastKnownFileType = sourcecode.swift; path = Request.swift; sourceTree = "<group>"; };
		E92B77B9203EA99100A32D0F /* Client.swift */ = {isa = PBXFileReference; lastKnownFileType = sourcecode.swift; path = Client.swift; sourceTree = "<group>"; };
		E92B77BB203EAA1700A32D0F /* URLSessionClient.swift */ = {isa = PBXFileReference; lastKnownFileType = sourcecode.swift; path = URLSessionClient.swift; sourceTree = "<group>"; };
		E92B77BD203EAB3300A32D0F /* Request+Params.swift */ = {isa = PBXFileReference; lastKnownFileType = sourcecode.swift; path = "Request+Params.swift"; sourceTree = "<group>"; };
		E92B77C0203EAB8700A32D0F /* Encodable+DictionaryRepresentation.swift */ = {isa = PBXFileReference; lastKnownFileType = sourcecode.swift; path = "Encodable+DictionaryRepresentation.swift"; sourceTree = "<group>"; };
		E92B77C2203EABBF00A32D0F /* Dictionary+URLQuery.swift */ = {isa = PBXFileReference; lastKnownFileType = sourcecode.swift; path = "Dictionary+URLQuery.swift"; sourceTree = "<group>"; };
		E92B77C4203EACC300A32D0F /* Request+HeaderFields.swift */ = {isa = PBXFileReference; lastKnownFileType = sourcecode.swift; path = "Request+HeaderFields.swift"; sourceTree = "<group>"; };
		E92B77C6203EB31100A32D0F /* FetchResult.swift */ = {isa = PBXFileReference; lastKnownFileType = sourcecode.swift; path = FetchResult.swift; sourceTree = "<group>"; };
		E92B77CB203EBCFF00A32D0F /* RequestManager.swift */ = {isa = PBXFileReference; lastKnownFileType = sourcecode.swift; path = RequestManager.swift; sourceTree = "<group>"; };
		E92B77CD203EC33700A32D0F /* ArticleRequest.swift */ = {isa = PBXFileReference; lastKnownFileType = sourcecode.swift; path = ArticleRequest.swift; sourceTree = "<group>"; };
		E92B77CF203EC41E00A32D0F /* ArticleResponse.swift */ = {isa = PBXFileReference; lastKnownFileType = sourcecode.swift; path = ArticleResponse.swift; sourceTree = "<group>"; };
/* End PBXFileReference section */

/* Begin PBXFrameworksBuildPhase section */
		E92B779D203EA6E000A32D0F /* Frameworks */ = {
			isa = PBXFrameworksBuildPhase;
			buildActionMask = 2147483647;
			files = (
			);
			runOnlyForDeploymentPostprocessing = 0;
		};
/* End PBXFrameworksBuildPhase section */

/* Begin PBXGroup section */
		E92B7797203EA6E000A32D0F = {
			isa = PBXGroup;
			children = (
				E92B77A2203EA6E000A32D0F /* POPNetworkExample */,
				E92B77A1203EA6E000A32D0F /* Products */,
			);
			sourceTree = "<group>";
		};
		E92B77A1203EA6E000A32D0F /* Products */ = {
			isa = PBXGroup;
			children = (
				E92B77A0203EA6E000A32D0F /* POPNetworkExample.app */,
			);
			name = Products;
			sourceTree = "<group>";
		};
		E92B77A2203EA6E000A32D0F /* POPNetworkExample */ = {
			isa = PBXGroup;
			children = (
				E92B77B5203EA78F00A32D0F /* Classes */,
				E92B77A3203EA6E000A32D0F /* AppDelegate.swift */,
				E92B77A7203EA6E000A32D0F /* Main.storyboard */,
				E92B77AA203EA6E000A32D0F /* Assets.xcassets */,
				E92B77AC203EA6E000A32D0F /* LaunchScreen.storyboard */,
				E92B77AF203EA6E000A32D0F /* Info.plist */,
			);
			path = POPNetworkExample;
			sourceTree = "<group>";
		};
		E92B77B5203EA78F00A32D0F /* Classes */ = {
			isa = PBXGroup;
			children = (
				E92B77CA203EBCEE00A32D0F /* Manager */,
				E92B77C8203EBCB300A32D0F /* Model */,
				E92B77BF203EAB7100A32D0F /* Extension */,
				E92B77B6203EA7A500A32D0F /* Network */,
				E92B77C9203EBCCA00A32D0F /* ViewControllers */,
			);
			path = Classes;
			sourceTree = "<group>";
		};
		E92B77B6203EA7A500A32D0F /* Network */ = {
			isa = PBXGroup;
			children = (
				E92B77B7203EA81200A32D0F /* Request.swift */,
				E92B77B9203EA99100A32D0F /* Client.swift */,
				E92B77BB203EAA1700A32D0F /* URLSessionClient.swift */,
				E92B77BD203EAB3300A32D0F /* Request+Params.swift */,
				E92B77C4203EACC300A32D0F /* Request+HeaderFields.swift */,
				E92B77C6203EB31100A32D0F /* FetchResult.swift */,
			);
			path = Network;
			sourceTree = "<group>";
		};
		E92B77BF203EAB7100A32D0F /* Extension */ = {
			isa = PBXGroup;
			children = (
				E92B77C0203EAB8700A32D0F /* Encodable+DictionaryRepresentation.swift */,
				E92B77C2203EABBF00A32D0F /* Dictionary+URLQuery.swift */,
			);
			path = Extension;
			sourceTree = "<group>";
		};
		E92B77C8203EBCB300A32D0F /* Model */ = {
			isa = PBXGroup;
			children = (
				E92B77CD203EC33700A32D0F /* ArticleRequest.swift */,
				E92B77CF203EC41E00A32D0F /* ArticleResponse.swift */,
			);
			path = Model;
			sourceTree = "<group>";
		};
		E92B77C9203EBCCA00A32D0F /* ViewControllers */ = {
			isa = PBXGroup;
			children = (
				E92B77A5203EA6E000A32D0F /* ViewController.swift */,
			);
			path = ViewControllers;
			sourceTree = "<group>";
		};
		E92B77CA203EBCEE00A32D0F /* Manager */ = {
			isa = PBXGroup;
			children = (
				E92B77CB203EBCFF00A32D0F /* RequestManager.swift */,
			);
			path = Manager;
			sourceTree = "<group>";
		};
/* End PBXGroup section */

/* Begin PBXNativeTarget section */
		E92B779F203EA6E000A32D0F /* POPNetworkExample */ = {
			isa = PBXNativeTarget;
			buildConfigurationList = E92B77B2203EA6E000A32D0F /* Build configuration list for PBXNativeTarget "POPNetworkExample" */;
			buildPhases = (
				E92B779C203EA6E000A32D0F /* Sources */,
				E92B779D203EA6E000A32D0F /* Frameworks */,
				E92B779E203EA6E000A32D0F /* Resources */,
			);
			buildRules = (
			);
			dependencies = (
			);
			name = POPNetworkExample;
			productName = POPNetworkExample;
			productReference = E92B77A0203EA6E000A32D0F /* POPNetworkExample.app */;
			productType = "com.apple.product-type.application";
		};
/* End PBXNativeTarget section */

/* Begin PBXProject section */
		E92B7798203EA6E000A32D0F /* Project object */ = {
			isa = PBXProject;
			attributes = {
				LastSwiftUpdateCheck = 0920;
				LastUpgradeCheck = 0920;
				ORGANIZATIONNAME = github;
				TargetAttributes = {
					E92B779F203EA6E000A32D0F = {
						CreatedOnToolsVersion = 9.2;
						ProvisioningStyle = Automatic;
					};
				};
			};
			buildConfigurationList = E92B779B203EA6E000A32D0F /* Build configuration list for PBXProject "POPNetworkExample" */;
			compatibilityVersion = "Xcode 8.0";
			developmentRegion = en;
			hasScannedForEncodings = 0;
			knownRegions = (
				en,
				Base,
			);
			mainGroup = E92B7797203EA6E000A32D0F;
			productRefGroup = E92B77A1203EA6E000A32D0F /* Products */;
			projectDirPath = "";
			projectRoot = "";
			targets = (
				E92B779F203EA6E000A32D0F /* POPNetworkExample */,
			);
		};
/* End PBXProject section */

/* Begin PBXResourcesBuildPhase section */
		E92B779E203EA6E000A32D0F /* Resources */ = {
			isa = PBXResourcesBuildPhase;
			buildActionMask = 2147483647;
			files = (
				E92B77AE203EA6E000A32D0F /* LaunchScreen.storyboard in Resources */,
				E92B77AB203EA6E000A32D0F /* Assets.xcassets in Resources */,
				E92B77A9203EA6E000A32D0F /* Main.storyboard in Resources */,
			);
			runOnlyForDeploymentPostprocessing = 0;
		};
/* End PBXResourcesBuildPhase section */

/* Begin PBXSourcesBuildPhase section */
		E92B779C203EA6E000A32D0F /* Sources */ = {
			isa = PBXSourcesBuildPhase;
			buildActionMask = 2147483647;
			files = (
				E92B77A6203EA6E000A32D0F /* ViewController.swift in Sources */,
				E92B77B8203EA81200A32D0F /* Request.swift in Sources */,
				E92B77C5203EACC300A32D0F /* Request+HeaderFields.swift in Sources */,
				E92B77BA203EA99100A32D0F /* Client.swift in Sources */,
				E92B77A4203EA6E000A32D0F /* AppDelegate.swift in Sources */,
				E92B77C1203EAB8700A32D0F /* Encodable+DictionaryRepresentation.swift in Sources */,
				E92B77C7203EB31100A32D0F /* FetchResult.swift in Sources */,
				E92B77D0203EC41E00A32D0F /* ArticleResponse.swift in Sources */,
				E92B77CC203EBCFF00A32D0F /* RequestManager.swift in Sources */,
				E92B77CE203EC33700A32D0F /* ArticleRequest.swift in Sources */,
				E92B77BC203EAA1700A32D0F /* URLSessionClient.swift in Sources */,
				E92B77C3203EABBF00A32D0F /* Dictionary+URLQuery.swift in Sources */,
				E92B77BE203EAB3300A32D0F /* Request+Params.swift in Sources */,
			);
			runOnlyForDeploymentPostprocessing = 0;
		};
/* End PBXSourcesBuildPhase section */

/* Begin PBXVariantGroup section */
		E92B77A7203EA6E000A32D0F /* Main.storyboard */ = {
			isa = PBXVariantGroup;
			children = (
				E92B77A8203EA6E000A32D0F /* Base */,
			);
			name = Main.storyboard;
			sourceTree = "<group>";
		};
		E92B77AC203EA6E000A32D0F /* LaunchScreen.storyboard */ = {
			isa = PBXVariantGroup;
			children = (
				E92B77AD203EA6E000A32D0F /* Base */,
			);
			name = LaunchScreen.storyboard;
			sourceTree = "<group>";
		};
/* End PBXVariantGroup section */

/* Begin XCBuildConfiguration section */
		E92B77B0203EA6E000A32D0F /* Debug */ = {
			isa = XCBuildConfiguration;
			buildSettings = {
				ALWAYS_SEARCH_USER_PATHS = NO;
				CLANG_ANALYZER_NONNULL = YES;
				CLANG_ANALYZER_NUMBER_OBJECT_CONVERSION = YES_AGGRESSIVE;
				CLANG_CXX_LANGUAGE_STANDARD = "gnu++14";
				CLANG_CXX_LIBRARY = "libc++";
				CLANG_ENABLE_MODULES = YES;
				CLANG_ENABLE_OBJC_ARC = YES;
				CLANG_WARN_BLOCK_CAPTURE_AUTORELEASING = YES;
				CLANG_WARN_BOOL_CONVERSION = YES;
				CLANG_WARN_COMMA = YES;
				CLANG_WARN_CONSTANT_CONVERSION = YES;
				CLANG_WARN_DIRECT_OBJC_ISA_USAGE = YES_ERROR;
				CLANG_WARN_DOCUMENTATION_COMMENTS = YES;
				CLANG_WARN_EMPTY_BODY = YES;
				CLANG_WARN_ENUM_CONVERSION = YES;
				CLANG_WARN_INFINITE_RECURSION = YES;
				CLANG_WARN_INT_CONVERSION = YES;
				CLANG_WARN_NON_LITERAL_NULL_CONVERSION = YES;
				CLANG_WARN_OBJC_LITERAL_CONVERSION = YES;
				CLANG_WARN_OBJC_ROOT_CLASS = YES_ERROR;
				CLANG_WARN_RANGE_LOOP_ANALYSIS = YES;
				CLANG_WARN_STRICT_PROTOTYPES = YES;
				CLANG_WARN_SUSPICIOUS_MOVE = YES;
				CLANG_WARN_UNGUARDED_AVAILABILITY = YES_AGGRESSIVE;
				CLANG_WARN_UNREACHABLE_CODE = YES;
				CLANG_WARN__DUPLICATE_METHOD_MATCH = YES;
				CODE_SIGN_IDENTITY = "iPhone Developer";
				COPY_PHASE_STRIP = NO;
				DEBUG_INFORMATION_FORMAT = dwarf;
				ENABLE_STRICT_OBJC_MSGSEND = YES;
				ENABLE_TESTABILITY = YES;
				GCC_C_LANGUAGE_STANDARD = gnu11;
				GCC_DYNAMIC_NO_PIC = NO;
				GCC_NO_COMMON_BLOCKS = YES;
				GCC_OPTIMIZATION_LEVEL = 0;
				GCC_PREPROCESSOR_DEFINITIONS = (
					"DEBUG=1",
					"$(inherited)",
				);
				GCC_WARN_64_TO_32_BIT_CONVERSION = YES;
				GCC_WARN_ABOUT_RETURN_TYPE = YES_ERROR;
				GCC_WARN_UNDECLARED_SELECTOR = YES;
				GCC_WARN_UNINITIALIZED_AUTOS = YES_AGGRESSIVE;
				GCC_WARN_UNUSED_FUNCTION = YES;
				GCC_WARN_UNUSED_VARIABLE = YES;
				IPHONEOS_DEPLOYMENT_TARGET = 11.2;
				MTL_ENABLE_DEBUG_INFO = YES;
				ONLY_ACTIVE_ARCH = YES;
				SDKROOT = iphoneos;
				SWIFT_ACTIVE_COMPILATION_CONDITIONS = DEBUG;
				SWIFT_OPTIMIZATION_LEVEL = "-Onone";
			};
			name = Debug;
		};
		E92B77B1203EA6E000A32D0F /* Release */ = {
			isa = XCBuildConfiguration;
			buildSettings = {
				ALWAYS_SEARCH_USER_PATHS = NO;
				CLANG_ANALYZER_NONNULL = YES;
				CLANG_ANALYZER_NUMBER_OBJECT_CONVERSION = YES_AGGRESSIVE;
				CLANG_CXX_LANGUAGE_STANDARD = "gnu++14";
				CLANG_CXX_LIBRARY = "libc++";
				CLANG_ENABLE_MODULES = YES;
				CLANG_ENABLE_OBJC_ARC = YES;
				CLANG_WARN_BLOCK_CAPTURE_AUTORELEASING = YES;
				CLANG_WARN_BOOL_CONVERSION = YES;
				CLANG_WARN_COMMA = YES;
				CLANG_WARN_CONSTANT_CONVERSION = YES;
				CLANG_WARN_DIRECT_OBJC_ISA_USAGE = YES_ERROR;
				CLANG_WARN_DOCUMENTATION_COMMENTS = YES;
				CLANG_WARN_EMPTY_BODY = YES;
				CLANG_WARN_ENUM_CONVERSION = YES;
				CLANG_WARN_INFINITE_RECURSION = YES;
				CLANG_WARN_INT_CONVERSION = YES;
				CLANG_WARN_NON_LITERAL_NULL_CONVERSION = YES;
				CLANG_WARN_OBJC_LITERAL_CONVERSION = YES;
				CLANG_WARN_OBJC_ROOT_CLASS = YES_ERROR;
				CLANG_WARN_RANGE_LOOP_ANALYSIS = YES;
				CLANG_WARN_STRICT_PROTOTYPES = YES;
				CLANG_WARN_SUSPICIOUS_MOVE = YES;
				CLANG_WARN_UNGUARDED_AVAILABILITY = YES_AGGRESSIVE;
				CLANG_WARN_UNREACHABLE_CODE = YES;
				CLANG_WARN__DUPLICATE_METHOD_MATCH = YES;
				CODE_SIGN_IDENTITY = "iPhone Developer";
				COPY_PHASE_STRIP = NO;
				DEBUG_INFORMATION_FORMAT = "dwarf-with-dsym";
				ENABLE_NS_ASSERTIONS = NO;
				ENABLE_STRICT_OBJC_MSGSEND = YES;
				GCC_C_LANGUAGE_STANDARD = gnu11;
				GCC_NO_COMMON_BLOCKS = YES;
				GCC_WARN_64_TO_32_BIT_CONVERSION = YES;
				GCC_WARN_ABOUT_RETURN_TYPE = YES_ERROR;
				GCC_WARN_UNDECLARED_SELECTOR = YES;
				GCC_WARN_UNINITIALIZED_AUTOS = YES_AGGRESSIVE;
				GCC_WARN_UNUSED_FUNCTION = YES;
				GCC_WARN_UNUSED_VARIABLE = YES;
				IPHONEOS_DEPLOYMENT_TARGET = 11.2;
				MTL_ENABLE_DEBUG_INFO = NO;
				SDKROOT = iphoneos;
				SWIFT_OPTIMIZATION_LEVEL = "-Owholemodule";
				VALIDATE_PRODUCT = YES;
			};
			name = Release;
		};
		E92B77B3203EA6E000A32D0F /* Debug */ = {
			isa = XCBuildConfiguration;
			buildSettings = {
				ASSETCATALOG_COMPILER_APPICON_NAME = AppIcon;
				CODE_SIGN_STYLE = Automatic;
				INFOPLIST_FILE = POPNetworkExample/Info.plist;
				IPHONEOS_DEPLOYMENT_TARGET = 9.0;
				LD_RUNPATH_SEARCH_PATHS = "$(inherited) @executable_path/Frameworks";
				PRODUCT_BUNDLE_IDENTIFIER = com.github.POPNetworkExample;
				PRODUCT_NAME = "$(TARGET_NAME)";
				SWIFT_VERSION = 4.0;
				TARGETED_DEVICE_FAMILY = "1,2";
			};
			name = Debug;
		};
		E92B77B4203EA6E000A32D0F /* Release */ = {
			isa = XCBuildConfiguration;
			buildSettings = {
				ASSETCATALOG_COMPILER_APPICON_NAME = AppIcon;
				CODE_SIGN_STYLE = Automatic;
				INFOPLIST_FILE = POPNetworkExample/Info.plist;
				IPHONEOS_DEPLOYMENT_TARGET = 9.0;
				LD_RUNPATH_SEARCH_PATHS = "$(inherited) @executable_path/Frameworks";
				PRODUCT_BUNDLE_IDENTIFIER = com.github.POPNetworkExample;
				PRODUCT_NAME = "$(TARGET_NAME)";
				SWIFT_VERSION = 4.0;
				TARGETED_DEVICE_FAMILY = "1,2";
			};
			name = Release;
		};
/* End XCBuildConfiguration section */

/* Begin XCConfigurationList section */
		E92B779B203EA6E000A32D0F /* Build configuration list for PBXProject "POPNetworkExample" */ = {
			isa = XCConfigurationList;
			buildConfigurations = (
				E92B77B0203EA6E000A32D0F /* Debug */,
				E92B77B1203EA6E000A32D0F /* Release */,
			);
			defaultConfigurationIsVisible = 0;
			defaultConfigurationName = Release;
		};
		E92B77B2203EA6E000A32D0F /* Build configuration list for PBXNativeTarget "POPNetworkExample" */ = {
			isa = XCConfigurationList;
			buildConfigurations = (
				E92B77B3203EA6E000A32D0F /* Debug */,
				E92B77B4203EA6E000A32D0F /* Release */,
			);
			defaultConfigurationIsVisible = 0;
			defaultConfigurationName = Release;
		};
/* End XCConfigurationList section */
	};
	rootObject = E92B7798203EA6E000A32D0F /* Project object */;
}
